
Microsoft Visual Studio Solution File, Format Version 12.00
# Visual Studio Version 16
VisualStudioVersion = 16.0.34902.97
MinimumVisualStudioVersion = 10.0.40219.1
Project("{FAE04EC0-301F-11D3-BF4B-00C04F79EFBC}") = "EventPlanner", "EventPlanner\EventPlanner.csproj", "{8D8353F2-A432-47D0-BF2A-2975DD963886}"
EndProject
Global
	GlobalSection(SolutionConfigurationPlatforms) = preSolution
		Debug|Any CPU = Debug|Any CPU
		Release|Any CPU = Release|Any CPU
	EndGlobalSection
	GlobalSection(ProjectConfigurationPlatforms) = postSolution
		{8D8353F2-A432-47D0-BF2A-2975DD963886}.Debug|Any CPU.ActiveCfg = Debug|Any CPU
		{8D8353F2-A432-47D0-BF2A-2975DD963886}.Debug|Any CPU.Build.0 = Debug|Any CPU
		{8D8353F2-A432-47D0-BF2A-2975DD963886}.Release|Any CPU.ActiveCfg = Release|Any CPU
		{8D8353F2-A432-47D0-BF2A-2975DD963886}.Release|Any CPU.Build.0 = Release|Any CPU
	EndGlobalSection
	GlobalSection(SolutionProperties) = preSolution
		HideSolutionNode = FALSE
	EndGlobalSection
	GlobalSection(ExtensibilityGlobals) = postSolution
		SolutionGuid = {A06552E2-E40B-420B-8DDA-7A2E94753B10}
	EndGlobalSection
EndGlobal
